
Microsoft Visual Studio Solution File, Format Version 12.00
# Visual Studio Version 17
VisualStudioVersion = 17.3.32922.545
MinimumVisualStudioVersion = 10.0.40219.1
Project("{FAE04EC0-301F-11D3-BF4B-00C04F79EFBC}") = "Virtu-Toggler", "Virtu-Toggler.csproj", "{329CCF67-33B5-48BF-A605-9376C067083F}"
EndProject
Project("{2150E333-8FDC-42A3-9474-1A3956D46DE8}") = "Solution Items", "Solution Items", "{78765CBE-56F2-4DD1-A048-92876A71F69B}"
	ProjectSection(SolutionItems) = preProject
		.editorconfig = .editorconfig
	EndProjectSection
EndProject
Global
	GlobalSection(SolutionConfigurationPlatforms) = preSolution
		Debug|Any CPU = Debug|Any CPU
		Release|Any CPU = Release|Any CPU
	EndGlobalSection
	GlobalSection(ProjectConfigurationPlatforms) = postSolution
		{329CCF67-33B5-48BF-A605-9376C067083F}.Debug|Any CPU.ActiveCfg = Debug|Any CPU
		{329CCF67-33B5-48BF-A605-9376C067083F}.Debug|Any CPU.Build.0 = Debug|Any CPU
		{329CCF67-33B5-48BF-A605-9376C067083F}.Release|Any CPU.ActiveCfg = Release|Any CPU
		{329CCF67-33B5-48BF-A605-9376C067083F}.Release|Any CPU.Build.0 = Release|Any CPU
	EndGlobalSection
	GlobalSection(SolutionProperties) = preSolution
		HideSolutionNode = FALSE
	EndGlobalSection
	GlobalSection(ExtensibilityGlobals) = postSolution
		SolutionGuid = {3BF15071-C2D7-45E5-A2C4-35010F43DBFC}
	EndGlobalSection
EndGlobal
